
Microsoft Visual Studio Solution File, Format Version 12.00
# Visual Studio Version 17
VisualStudioVersion = 17.5.33424.131
MinimumVisualStudioVersion = 10.0.40219.1
Project("{FAE04EC0-301F-11D3-BF4B-00C04F79EFBC}") = "C_Sharp_3", "C_Sharp_3.csproj", "{171169EC-4FC6-4C16-9AED-23256975D3A0}"
EndProject
Global
	GlobalSection(SolutionConfigurationPlatforms) = preSolution
		Debug|Any CPU = Debug|Any CPU
		Release|Any CPU = Release|Any CPU
	EndGlobalSection
	GlobalSection(ProjectConfigurationPlatforms) = postSolution
		{171169EC-4FC6-4C16-9AED-23256975D3A0}.Debug|Any CPU.ActiveCfg = Debug|Any CPU
		{171169EC-4FC6-4C16-9AED-23256975D3A0}.Debug|Any CPU.Build.0 = Debug|Any CPU
		{171169EC-4FC6-4C16-9AED-23256975D3A0}.Release|Any CPU.ActiveCfg = Release|Any CPU
		{171169EC-4FC6-4C16-9AED-23256975D3A0}.Release|Any CPU.Build.0 = Release|Any CPU
	EndGlobalSection
	GlobalSection(SolutionProperties) = preSolution
		HideSolutionNode = FALSE
	EndGlobalSection
	GlobalSection(ExtensibilityGlobals) = postSolution
		SolutionGuid = {1A5EBCBF-F5AC-48B8-B2FF-193F2EE01037}
	EndGlobalSection
EndGlobal
